
Microsoft Visual Studio Solution File, Format Version 12.00
# Visual Studio Version 16
VisualStudioVersion = 16.0.30225.117
MinimumVisualStudioVersion = 10.0.40219.1
Project("{FAE04EC0-301F-11D3-BF4B-00C04F79EFBC}") = "prj1", "prj1\prj1.csproj", "{E7F7F7B0-E93B-4B95-9DD8-B7853C8C1450}"
EndProject
Global
	GlobalSection(SolutionConfigurationPlatforms) = preSolution
		Debug|Any CPU = Debug|Any CPU
		Release|Any CPU = Release|Any CPU
	EndGlobalSection
	GlobalSection(ProjectConfigurationPlatforms) = postSolution
		{E7F7F7B0-E93B-4B95-9DD8-B7853C8C1450}.Debug|Any CPU.ActiveCfg = Debug|Any CPU
		{E7F7F7B0-E93B-4B95-9DD8-B7853C8C1450}.Debug|Any CPU.Build.0 = Debug|Any CPU
		{E7F7F7B0-E93B-4B95-9DD8-B7853C8C1450}.Release|Any CPU.ActiveCfg = Release|Any CPU
		{E7F7F7B0-E93B-4B95-9DD8-B7853C8C1450}.Release|Any CPU.Build.0 = Release|Any CPU
	EndGlobalSection
	GlobalSection(SolutionProperties) = preSolution
		HideSolutionNode = FALSE
	EndGlobalSection
	GlobalSection(ExtensibilityGlobals) = postSolution
		SolutionGuid = {A3E4CC74-91B6-4AF4-A312-1058B9CAAA05}
	EndGlobalSection
EndGlobal
